// !$*UTF8*$!
{
	archiveVersion = 1;
	classes = {
	};
	objectVersion = 46;
	objects = {

/* Begin PBXBuildFile section */
		621EB1941EB1F89000D41FE0 /* AppDelegate.swift in Sources */ = {isa = PBXBuildFile; fileRef = 621EB1931EB1F89000D41FE0 /* AppDelegate.swift */; };
		621EB1961EB1F89000D41FE0 /* ViewController.swift in Sources */ = {isa = PBXBuildFile; fileRef = 621EB1951EB1F89000D41FE0 /* ViewController.swift */; };
		621EB1991EB1F89000D41FE0 /* Main.storyboard in Resources */ = {isa = PBXBuildFile; fileRef = 621EB1971EB1F89000D41FE0 /* Main.storyboard */; };
		621EB19B1EB1F89000D41FE0 /* Assets.xcassets in Resources */ = {isa = PBXBuildFile; fileRef = 621EB19A1EB1F89000D41FE0 /* Assets.xcassets */; };
		621EB19E1EB1F89000D41FE0 /* LaunchScreen.storyboard in Resources */ = {isa = PBXBuildFile; fileRef = 621EB19C1EB1F89000D41FE0 /* LaunchScreen.storyboard */; };
		621EB1A91EB1F89000D41FE0 /* simpleWebViewTests.swift in Sources */ = {isa = PBXBuildFile; fileRef = 621EB1A81EB1F89000D41FE0 /* simpleWebViewTests.swift */; };
		621EB1B41EB1F89000D41FE0 /* simpleWebViewUITests.swift in Sources */ = {isa = PBXBuildFile; fileRef = 621EB1B31EB1F89000D41FE0 /* simpleWebViewUITests.swift */; };
/* End PBXBuildFile section */

/* Begin PBXContainerItemProxy section */
		621EB1A51EB1F89000D41FE0 /* PBXContainerItemProxy */ = {
			isa = PBXContainerItemProxy;
			containerPortal = 621EB1881EB1F89000D41FE0 /* Project object */;
			proxyType = 1;
			remoteGlobalIDString = 621EB18F1EB1F89000D41FE0;
			remoteInfo = simpleWebView;
		};
		621EB1B01EB1F89000D41FE0 /* PBXContainerItemProxy */ = {
			isa = PBXContainerItemProxy;
			containerPortal = 621EB1881EB1F89000D41FE0 /* Project object */;
			proxyType = 1;
			remoteGlobalIDString = 621EB18F1EB1F89000D41FE0;
			remoteInfo = simpleWebView;
		};
/* End PBXContainerItemProxy section */

/* Begin PBXFileReference section */
		621EB1901EB1F89000D41FE0 /* simpleWebView.app */ = {isa = PBXFileReference; explicitFileType = wrapper.application; includeInIndex = 0; path = simpleWebView.app; sourceTree = BUILT_PRODUCTS_DIR; };
		621EB1931EB1F89000D41FE0 /* AppDelegate.swift */ = {isa = PBXFileReference; lastKnownFileType = sourcecode.swift; path = AppDelegate.swift; sourceTree = "<group>"; };
		621EB1951EB1F89000D41FE0 /* ViewController.swift */ = {isa = PBXFileReference; lastKnownFileType = sourcecode.swift; path = ViewController.swift; sourceTree = "<group>"; };
		621EB1981EB1F89000D41FE0 /* Base */ = {isa = PBXFileReference; lastKnownFileType = file.storyboard; name = Base; path = Base.lproj/Main.storyboard; sourceTree = "<group>"; };
		621EB19A1EB1F89000D41FE0 /* Assets.xcassets */ = {isa = PBXFileReference; lastKnownFileType = folder.assetcatalog; path = Assets.xcassets; sourceTree = "<group>"; };
		621EB19D1EB1F89000D41FE0 /* Base */ = {isa = PBXFileReference; lastKnownFileType = file.storyboard; name = Base; path = Base.lproj/LaunchScreen.storyboard; sourceTree = "<group>"; };
		621EB19F1EB1F89000D41FE0 /* Info.plist */ = {isa = PBXFileReference; lastKnownFileType = text.plist.xml; path = Info.plist; sourceTree = "<group>"; };
		621EB1A41EB1F89000D41FE0 /* simpleWebViewTests.xctest */ = {isa = PBXFileReference; explicitFileType = wrapper.cfbundle; includeInIndex = 0; path = simpleWebViewTests.xctest; sourceTree = BUILT_PRODUCTS_DIR; };
		621EB1A81EB1F89000D41FE0 /* simpleWebViewTests.swift */ = {isa = PBXFileReference; lastKnownFileType = sourcecode.swift; path = simpleWebViewTests.swift; sourceTree = "<group>"; };
		621EB1AA1EB1F89000D41FE0 /* Info.plist */ = {isa = PBXFileReference; lastKnownFileType = text.plist.xml; path = Info.plist; sourceTree = "<group>"; };
		621EB1AF1EB1F89000D41FE0 /* simpleWebViewUITests.xctest */ = {isa = PBXFileReference; explicitFileType = wrapper.cfbundle; includeInIndex = 0; path = simpleWebViewUITests.xctest; sourceTree = BUILT_PRODUCTS_DIR; };
		621EB1B31EB1F89000D41FE0 /* simpleWebViewUITests.swift */ = {isa = PBXFileReference; lastKnownFileType = sourcecode.swift; path = simpleWebViewUITests.swift; sourceTree = "<group>"; };
		621EB1B51EB1F89000D41FE0 /* Info.plist */ = {isa = PBXFileReference; lastKnownFileType = text.plist.xml; path = Info.plist; sourceTree = "<group>"; };
/* End PBXFileReference section */

/* Begin PBXFrameworksBuildPhase section */
		621EB18D1EB1F89000D41FE0 /* Frameworks */ = {
			isa = PBXFrameworksBuildPhase;
			buildActionMask = 2147483647;
			files = (
			);
			runOnlyForDeploymentPostprocessing = 0;
		};
		621EB1A11EB1F89000D41FE0 /* Frameworks */ = {
			isa = PBXFrameworksBuildPhase;
			buildActionMask = 2147483647;
			files = (
			);
			runOnlyForDeploymentPostprocessing = 0;
		};
		621EB1AC1EB1F89000D41FE0 /* Frameworks */ = {
			isa = PBXFrameworksBuildPhase;
			buildActionMask = 2147483647;
			files = (
			);
			runOnlyForDeploymentPostprocessing = 0;
		};
/* End PBXFrameworksBuildPhase section */

/* Begin PBXGroup section */
		621EB1871EB1F89000D41FE0 = {
			isa = PBXGroup;
			children = (
				621EB1921EB1F89000D41FE0 /* simpleWebView */,
				621EB1A71EB1F89000D41FE0 /* simpleWebViewTests */,
				621EB1B21EB1F89000D41FE0 /* simpleWebViewUITests */,
				621EB1911EB1F89000D41FE0 /* Products */,
			);
			sourceTree = "<group>";
		};
		621EB1911EB1F89000D41FE0 /* Products */ = {
			isa = PBXGroup;
			children = (
				621EB1901EB1F89000D41FE0 /* simpleWebView.app */,
				621EB1A41EB1F89000D41FE0 /* simpleWebViewTests.xctest */,
				621EB1AF1EB1F89000D41FE0 /* simpleWebViewUITests.xctest */,
			);
			name = Products;
			sourceTree = "<group>";
		};
		621EB1921EB1F89000D41FE0 /* simpleWebView */ = {
			isa = PBXGroup;
			children = (
				621EB1931EB1F89000D41FE0 /* AppDelegate.swift */,
				621EB1951EB1F89000D41FE0 /* ViewController.swift */,
				621EB1971EB1F89000D41FE0 /* Main.storyboard */,
				621EB19A1EB1F89000D41FE0 /* Assets.xcassets */,
				621EB19C1EB1F89000D41FE0 /* LaunchScreen.storyboard */,
				621EB19F1EB1F89000D41FE0 /* Info.plist */,
			);
			path = simpleWebView;
			sourceTree = "<group>";
		};
		621EB1A71EB1F89000D41FE0 /* simpleWebViewTests */ = {
			isa = PBXGroup;
			children = (
				621EB1A81EB1F89000D41FE0 /* simpleWebViewTests.swift */,
				621EB1AA1EB1F89000D41FE0 /* Info.plist */,
			);
			path = simpleWebViewTests;
			sourceTree = "<group>";
		};
		621EB1B21EB1F89000D41FE0 /* simpleWebViewUITests */ = {
			isa = PBXGroup;
			children = (
				621EB1B31EB1F89000D41FE0 /* simpleWebViewUITests.swift */,
				621EB1B51EB1F89000D41FE0 /* Info.plist */,
			);
			path = simpleWebViewUITests;
			sourceTree = "<group>";
		};
/* End PBXGroup section */

/* Begin PBXNativeTarget section */
		621EB18F1EB1F89000D41FE0 /* simpleWebView */ = {
			isa = PBXNativeTarget;
			buildConfigurationList = 621EB1B81EB1F89000D41FE0 /* Build configuration list for PBXNativeTarget "simpleWebView" */;
			buildPhases = (
				621EB18C1EB1F89000D41FE0 /* Sources */,
				621EB18D1EB1F89000D41FE0 /* Frameworks */,
				621EB18E1EB1F89000D41FE0 /* Resources */,
			);
			buildRules = (
			);
			dependencies = (
			);
			name = simpleWebView;
			productName = simpleWebView;
			productReference = 621EB1901EB1F89000D41FE0 /* simpleWebView.app */;
			productType = "com.apple.product-type.application";
		};
		621EB1A31EB1F89000D41FE0 /* simpleWebViewTests */ = {
			isa = PBXNativeTarget;
			buildConfigurationList = 621EB1BB1EB1F89000D41FE0 /* Build configuration list for PBXNativeTarget "simpleWebViewTests" */;
			buildPhases = (
				621EB1A01EB1F89000D41FE0 /* Sources */,
				621EB1A11EB1F89000D41FE0 /* Frameworks */,
				621EB1A21EB1F89000D41FE0 /* Resources */,
			);
			buildRules = (
			);
			dependencies = (
				621EB1A61EB1F89000D41FE0 /* PBXTargetDependency */,
			);
			name = simpleWebViewTests;
			productName = simpleWebViewTests;
			productReference = 621EB1A41EB1F89000D41FE0 /* simpleWebViewTests.xctest */;
			productType = "com.apple.product-type.bundle.unit-test";
		};
		621EB1AE1EB1F89000D41FE0 /* simpleWebViewUITests */ = {
			isa = PBXNativeTarget;
			buildConfigurationList = 621EB1BE1EB1F89000D41FE0 /* Build configuration list for PBXNativeTarget "simpleWebViewUITests" */;
			buildPhases = (
				621EB1AB1EB1F89000D41FE0 /* Sources */,
				621EB1AC1EB1F89000D41FE0 /* Frameworks */,
				621EB1AD1EB1F89000D41FE0 /* Resources */,
			);
			buildRules = (
			);
			dependencies = (
				621EB1B11EB1F89000D41FE0 /* PBXTargetDependency */,
			);
			name = simpleWebViewUITests;
			productName = simpleWebViewUITests;
			productReference = 621EB1AF1EB1F89000D41FE0 /* simpleWebViewUITests.xctest */;
			productType = "com.apple.product-type.bundle.ui-testing";
		};
/* End PBXNativeTarget section */

/* Begin PBXProject section */
		621EB1881EB1F89000D41FE0 /* Project object */ = {
			isa = PBXProject;
			attributes = {
				LastSwiftUpdateCheck = 0730;
				LastUpgradeCheck = 0730;
				ORGANIZATIONNAME = h.morimoto;
				TargetAttributes = {
					621EB18F1EB1F89000D41FE0 = {
						CreatedOnToolsVersion = 7.3.1;
					};
					621EB1A31EB1F89000D41FE0 = {
						CreatedOnToolsVersion = 7.3.1;
						TestTargetID = 621EB18F1EB1F89000D41FE0;
					};
					621EB1AE1EB1F89000D41FE0 = {
						CreatedOnToolsVersion = 7.3.1;
						TestTargetID = 621EB18F1EB1F89000D41FE0;
					};
				};
			};
			buildConfigurationList = 621EB18B1EB1F89000D41FE0 /* Build configuration list for PBXProject "simpleWebView" */;
			compatibilityVersion = "Xcode 3.2";
			developmentRegion = English;
			hasScannedForEncodings = 0;
			knownRegions = (
				en,
				Base,
			);
			mainGroup = 621EB1871EB1F89000D41FE0;
			productRefGroup = 621EB1911EB1F89000D41FE0 /* Products */;
			projectDirPath = "";
			projectRoot = "";
			targets = (
				621EB18F1EB1F89000D41FE0 /* simpleWebView */,
				621EB1A31EB1F89000D41FE0 /* simpleWebViewTests */,
				621EB1AE1EB1F89000D41FE0 /* simpleWebViewUITests */,
			);
		};
/* End PBXProject section */

/* Begin PBXResourcesBuildPhase section */
		621EB18E1EB1F89000D41FE0 /* Resources */ = {
			isa = PBXResourcesBuildPhase;
			buildActionMask = 2147483647;
			files = (
				621EB19E1EB1F89000D41FE0 /* LaunchScreen.storyboard in Resources */,
				621EB19B1EB1F89000D41FE0 /* Assets.xcassets in Resources */,
				621EB1991EB1F89000D41FE0 /* Main.storyboard in Resources */,
			);
			runOnlyForDeploymentPostprocessing = 0;
		};
		621EB1A21EB1F89000D41FE0 /* Resources */ = {
			isa = PBXResourcesBuildPhase;
			buildActionMask = 2147483647;
			files = (
			);
			runOnlyForDeploymentPostprocessing = 0;
		};
		621EB1AD1EB1F89000D41FE0 /* Resources */ = {
			isa = PBXResourcesBuildPhase;
			buildActionMask = 2147483647;
			files = (
			);
			runOnlyForDeploymentPostprocessing = 0;
		};
/* End PBXResourcesBuildPhase section */

/* Begin PBXSourcesBuildPhase section */
		621EB18C1EB1F89000D41FE0 /* Sources */ = {
			isa = PBXSourcesBuildPhase;
			buildActionMask = 2147483647;
			files = (
				621EB1961EB1F89000D41FE0 /* ViewController.swift in Sources */,
				621EB1941EB1F89000D41FE0 /* AppDelegate.swift in Sources */,
			);
			runOnlyForDeploymentPostprocessing = 0;
		};
		621EB1A01EB1F89000D41FE0 /* Sources */ = {
			isa = PBXSourcesBuildPhase;
			buildActionMask = 2147483647;
			files = (
				621EB1A91EB1F89000D41FE0 /* simpleWebViewTests.swift in Sources */,
			);
			runOnlyForDeploymentPostprocessing = 0;
		};
		621EB1AB1EB1F89000D41FE0 /* Sources */ = {
			isa = PBXSourcesBuildPhase;
			buildActionMask = 2147483647;
			files = (
				621EB1B41EB1F89000D41FE0 /* simpleWebViewUITests.swift in Sources */,
			);
			runOnlyForDeploymentPostprocessing = 0;
		};
/* End PBXSourcesBuildPhase section */

/* Begin PBXTargetDependency section */
		621EB1A61EB1F89000D41FE0 /* PBXTargetDependency */ = {
			isa = PBXTargetDependency;
			target = 621EB18F1EB1F89000D41FE0 /* simpleWebView */;
			targetProxy = 621EB1A51EB1F89000D41FE0 /* PBXContainerItemProxy */;
		};
		621EB1B11EB1F89000D41FE0 /* PBXTargetDependency */ = {
			isa = PBXTargetDependency;
			target = 621EB18F1EB1F89000D41FE0 /* simpleWebView */;
			targetProxy = 621EB1B01EB1F89000D41FE0 /* PBXContainerItemProxy */;
		};
/* End PBXTargetDependency section */

/* Begin PBXVariantGroup section */
		621EB1971EB1F89000D41FE0 /* Main.storyboard */ = {
			isa = PBXVariantGroup;
			children = (
				621EB1981EB1F89000D41FE0 /* Base */,
			);
			name = Main.storyboard;
			sourceTree = "<group>";
		};
		621EB19C1EB1F89000D41FE0 /* LaunchScreen.storyboard */ = {
			isa = PBXVariantGroup;
			children = (
				621EB19D1EB1F89000D41FE0 /* Base */,
			);
			name = LaunchScreen.storyboard;
			sourceTree = "<group>";
		};
/* End PBXVariantGroup section */

/* Begin XCBuildConfiguration section */
		621EB1B61EB1F89000D41FE0 /* Debug */ = {
			isa = XCBuildConfiguration;
			buildSettings = {
				ALWAYS_SEARCH_USER_PATHS = NO;
				CLANG_ANALYZER_NONNULL = YES;
				CLANG_CXX_LANGUAGE_STANDARD = "gnu++0x";
				CLANG_CXX_LIBRARY = "libc++";
				CLANG_ENABLE_MODULES = YES;
				CLANG_ENABLE_OBJC_ARC = YES;
				CLANG_WARN_BOOL_CONVERSION = YES;
				CLANG_WARN_CONSTANT_CONVERSION = YES;
				CLANG_WARN_DIRECT_OBJC_ISA_USAGE = YES_ERROR;
				CLANG_WARN_EMPTY_BODY = YES;
				CLANG_WARN_ENUM_CONVERSION = YES;
				CLANG_WARN_INT_CONVERSION = YES;
				CLANG_WARN_OBJC_ROOT_CLASS = YES_ERROR;
				CLANG_WARN_UNREACHABLE_CODE = YES;
				CLANG_WARN__DUPLICATE_METHOD_MATCH = YES;
				"CODE_SIGN_IDENTITY[sdk=iphoneos*]" = "iPhone Developer";
				COPY_PHASE_STRIP = NO;
				DEBUG_INFORMATION_FORMAT = dwarf;
				ENABLE_STRICT_OBJC_MSGSEND = YES;
				ENABLE_TESTABILITY = YES;
				GCC_C_LANGUAGE_STANDARD = gnu99;
				GCC_DYNAMIC_NO_PIC = NO;
				GCC_NO_COMMON_BLOCKS = YES;
				GCC_OPTIMIZATION_LEVEL = 0;
				GCC_PREPROCESSOR_DEFINITIONS = (
					"DEBUG=1",
					"$(inherited)",
				);
				GCC_WARN_64_TO_32_BIT_CONVERSION = YES;
				GCC_WARN_ABOUT_RETURN_TYPE = YES_ERROR;
				GCC_WARN_UNDECLARED_SELECTOR = YES;
				GCC_WARN_UNINITIALIZED_AUTOS = YES_AGGRESSIVE;
				GCC_WARN_UNUSED_FUNCTION = YES;
				GCC_WARN_UNUSED_VARIABLE = YES;
				IPHONEOS_DEPLOYMENT_TARGET = 9.3;
				MTL_ENABLE_DEBUG_INFO = YES;
				ONLY_ACTIVE_ARCH = YES;
				SDKROOT = iphoneos;
				SWIFT_OPTIMIZATION_LEVEL = "-Onone";
			};
			name = Debug;
		};
		621EB1B71EB1F89000D41FE0 /* Release */ = {
			isa = XCBuildConfiguration;
			buildSettings = {
				ALWAYS_SEARCH_USER_PATHS = NO;
				CLANG_ANALYZER_NONNULL = YES;
				CLANG_CXX_LANGUAGE_STANDARD = "gnu++0x";
				CLANG_CXX_LIBRARY = "libc++";
				CLANG_ENABLE_MODULES = YES;
				CLANG_ENABLE_OBJC_ARC = YES;
				CLANG_WARN_BOOL_CONVERSION = YES;
				CLANG_WARN_CONSTANT_CONVERSION = YES;
				CLANG_WARN_DIRECT_OBJC_ISA_USAGE = YES_ERROR;
				CLANG_WARN_EMPTY_BODY = YES;
				CLANG_WARN_ENUM_CONVERSION = YES;
				CLANG_WARN_INT_CONVERSION = YES;
				CLANG_WARN_OBJC_ROOT_CLASS = YES_ERROR;
				CLANG_WARN_UNREACHABLE_CODE = YES;
				CLANG_WARN__DUPLICATE_METHOD_MATCH = YES;
				"CODE_SIGN_IDENTITY[sdk=iphoneos*]" = "iPhone Developer";
				COPY_PHASE_STRIP = NO;
				DEBUG_INFORMATION_FORMAT = "dwarf-with-dsym";
				ENABLE_NS_ASSERTIONS = NO;
				ENABLE_STRICT_OBJC_MSGSEND = YES;
				GCC_C_LANGUAGE_STANDARD = gnu99;
				GCC_NO_COMMON_BLOCKS = YES;
				GCC_WARN_64_TO_32_BIT_CONVERSION = YES;
				GCC_WARN_ABOUT_RETURN_TYPE = YES_ERROR;
				GCC_WARN_UNDECLARED_SELECTOR = YES;
				GCC_WARN_UNINITIALIZED_AUTOS = YES_AGGRESSIVE;
				GCC_WARN_UNUSED_FUNCTION = YES;
				GCC_WARN_UNUSED_VARIABLE = YES;
				IPHONEOS_DEPLOYMENT_TARGET = 9.3;
				MTL_ENABLE_DEBUG_INFO = NO;
				SDKROOT = iphoneos;
				VALIDATE_PRODUCT = YES;
			};
			name = Release;
		};
		621EB1B91EB1F89000D41FE0 /* Debug */ = {
			isa = XCBuildConfiguration;
			buildSettings = {
				ASSETCATALOG_COMPILER_APPICON_NAME = AppIcon;
				INFOPLIST_FILE = simpleWebView/Info.plist;
				LD_RUNPATH_SEARCH_PATHS = "$(inherited) @executable_path/Frameworks";
				PRODUCT_BUNDLE_IDENTIFIER = io.lodeo.simpleWebView;
				PRODUCT_NAME = "$(TARGET_NAME)";
			};
			name = Debug;
		};
		621EB1BA1EB1F89000D41FE0 /* Release */ = {
			isa = XCBuildConfiguration;
			buildSettings = {
				ASSETCATALOG_COMPILER_APPICON_NAME = AppIcon;
				INFOPLIST_FILE = simpleWebView/Info.plist;
				LD_RUNPATH_SEARCH_PATHS = "$(inherited) @executable_path/Frameworks";
				PRODUCT_BUNDLE_IDENTIFIER = io.lodeo.simpleWebView;
				PRODUCT_NAME = "$(TARGET_NAME)";
			};
			name = Release;
		};
		621EB1BC1EB1F89000D41FE0 /* Debug */ = {
			isa = XCBuildConfiguration;
			buildSettings = {
				BUNDLE_LOADER = "$(TEST_HOST)";
				INFOPLIST_FILE = simpleWebViewTests/Info.plist;
				LD_RUNPATH_SEARCH_PATHS = "$(inherited) @executable_path/Frameworks @loader_path/Frameworks";
				PRODUCT_BUNDLE_IDENTIFIER = io.lodeo.simpleWebViewTests;
				PRODUCT_NAME = "$(TARGET_NAME)";
				TEST_HOST = "$(BUILT_PRODUCTS_DIR)/simpleWebView.app/simpleWebView";
			};
			name = Debug;
		};
		621EB1BD1EB1F89000D41FE0 /* Release */ = {
			isa = XCBuildConfiguration;
			buildSettings = {
				BUNDLE_LOADER = "$(TEST_HOST)";
				INFOPLIST_FILE = simpleWebViewTests/Info.plist;
				LD_RUNPATH_SEARCH_PATHS = "$(inherited) @executable_path/Frameworks @loader_path/Frameworks";
				PRODUCT_BUNDLE_IDENTIFIER = io.lodeo.simpleWebViewTests;
				PRODUCT_NAME = "$(TARGET_NAME)";
				TEST_HOST = "$(BUILT_PRODUCTS_DIR)/simpleWebView.app/simpleWebView";
			};
			name = Release;
		};
		621EB1BF1EB1F89000D41FE0 /* Debug */ = {
			isa = XCBuildConfiguration;
			buildSettings = {
				INFOPLIST_FILE = simpleWebViewUITests/Info.plist;
				LD_RUNPATH_SEARCH_PATHS = "$(inherited) @executable_path/Frameworks @loader_path/Frameworks";
				PRODUCT_BUNDLE_IDENTIFIER = io.lodeo.simpleWebViewUITests;
				PRODUCT_NAME = "$(TARGET_NAME)";
				TEST_TARGET_NAME = simpleWebView;
			};
			name = Debug;
		};
		621EB1C01EB1F89000D41FE0 /* Release */ = {
			isa = XCBuildConfiguration;
			buildSettings = {
				INFOPLIST_FILE = simpleWebViewUITests/Info.plist;
				LD_RUNPATH_SEARCH_PATHS = "$(inherited) @executable_path/Frameworks @loader_path/Frameworks";
				PRODUCT_BUNDLE_IDENTIFIER = io.lodeo.simpleWebViewUITests;
				PRODUCT_NAME = "$(TARGET_NAME)";
				TEST_TARGET_NAME = simpleWebView;
			};
			name = Release;
		};
/* End XCBuildConfiguration section */

/* Begin XCConfigurationList section */
		621EB18B1EB1F89000D41FE0 /* Build configuration list for PBXProject "simpleWebView" */ = {
			isa = XCConfigurationList;
			buildConfigurations = (
				621EB1B61EB1F89000D41FE0 /* Debug */,
				621EB1B71EB1F89000D41FE0 /* Release */,
			);
			defaultConfigurationIsVisible = 0;
			defaultConfigurationName = Release;
		};
		621EB1B81EB1F89000D41FE0 /* Build configuration list for PBXNativeTarget "simpleWebView" */ = {
			isa = XCConfigurationList;
			buildConfigurations = (
				621EB1B91EB1F89000D41FE0 /* Debug */,
				621EB1BA1EB1F89000D41FE0 /* Release */,
			);
			defaultConfigurationIsVisible = 0;
		};
		621EB1BB1EB1F89000D41FE0 /* Build configuration list for PBXNativeTarget "simpleWebViewTests" */ = {
			isa = XCConfigurationList;
			buildConfigurations = (
				621EB1BC1EB1F89000D41FE0 /* Debug */,
				621EB1BD1EB1F89000D41FE0 /* Release */,
			);
			defaultConfigurationIsVisible = 0;
		};
		621EB1BE1EB1F89000D41FE0 /* Build configuration list for PBXNativeTarget "simpleWebViewUITests" */ = {
			isa = XCConfigurationList;
			buildConfigurations = (
				621EB1BF1EB1F89000D41FE0 /* Debug */,
				621EB1C01EB1F89000D41FE0 /* Release */,
			);
			defaultConfigurationIsVisible = 0;
		};
/* End XCConfigurationList section */
	};
	rootObject = 621EB1881EB1F89000D41FE0 /* Project object */;
}
